
Microsoft Visual Studio Solution File, Format Version 12.00
# Visual Studio Version 17
VisualStudioVersion = 17.8.34316.72
MinimumVisualStudioVersion = 10.0.40219.1
Project("{2150E333-8FDC-42A3-9474-1A3956D46DE8}") = "src", "src", "{973328C5-64B8-464C-A111-AA72D5217C54}"
EndProject
Project("{FAE04EC0-301F-11D3-BF4B-00C04F79EFBC}") = "Movie.Core", "src\Movie.Core\Movie.Core.csproj", "{E7AD68D2-D805-4914-A147-7181B42FA036}"
EndProject
Project("{FAE04EC0-301F-11D3-BF4B-00C04F79EFBC}") = "Movie.Data", "src\Movie.Data\Movie.Data.csproj", "{B3FA80AA-51E9-445D-973F-CE7A1C57F828}"
EndProject
Project("{FAE04EC0-301F-11D3-BF4B-00C04F79EFBC}") = "Movie.Business", "src\Movie.Business\Movie.Business.csproj", "{E434829A-9AF0-45B5-8512-25C1CE260563}"
EndProject
Project("{FAE04EC0-301F-11D3-BF4B-00C04F79EFBC}") = "Movie.MVC", "src\Movie.MVC\Movie.MVC.csproj", "{005AB6BC-2A9F-416E-B278-98C2550A87ED}"
EndProject
Global
	GlobalSection(SolutionConfigurationPlatforms) = preSolution
		Debug|Any CPU = Debug|Any CPU
		Release|Any CPU = Release|Any CPU
	EndGlobalSection
	GlobalSection(ProjectConfigurationPlatforms) = postSolution
		{E7AD68D2-D805-4914-A147-7181B42FA036}.Debug|Any CPU.ActiveCfg = Debug|Any CPU
		{E7AD68D2-D805-4914-A147-7181B42FA036}.Debug|Any CPU.Build.0 = Debug|Any CPU
		{E7AD68D2-D805-4914-A147-7181B42FA036}.Release|Any CPU.ActiveCfg = Release|Any CPU
		{E7AD68D2-D805-4914-A147-7181B42FA036}.Release|Any CPU.Build.0 = Release|Any CPU
		{B3FA80AA-51E9-445D-973F-CE7A1C57F828}.Debug|Any CPU.ActiveCfg = Debug|Any CPU
		{B3FA80AA-51E9-445D-973F-CE7A1C57F828}.Debug|Any CPU.Build.0 = Debug|Any CPU
		{B3FA80AA-51E9-445D-973F-CE7A1C57F828}.Release|Any CPU.ActiveCfg = Release|Any CPU
		{B3FA80AA-51E9-445D-973F-CE7A1C57F828}.Release|Any CPU.Build.0 = Release|Any CPU
		{E434829A-9AF0-45B5-8512-25C1CE260563}.Debug|Any CPU.ActiveCfg = Debug|Any CPU
		{E434829A-9AF0-45B5-8512-25C1CE260563}.Debug|Any CPU.Build.0 = Debug|Any CPU
		{E434829A-9AF0-45B5-8512-25C1CE260563}.Release|Any CPU.ActiveCfg = Release|Any CPU
		{E434829A-9AF0-45B5-8512-25C1CE260563}.Release|Any CPU.Build.0 = Release|Any CPU
		{005AB6BC-2A9F-416E-B278-98C2550A87ED}.Debug|Any CPU.ActiveCfg = Debug|Any CPU
		{005AB6BC-2A9F-416E-B278-98C2550A87ED}.Debug|Any CPU.Build.0 = Debug|Any CPU
		{005AB6BC-2A9F-416E-B278-98C2550A87ED}.Release|Any CPU.ActiveCfg = Release|Any CPU
		{005AB6BC-2A9F-416E-B278-98C2550A87ED}.Release|Any CPU.Build.0 = Release|Any CPU
	EndGlobalSection
	GlobalSection(SolutionProperties) = preSolution
		HideSolutionNode = FALSE
	EndGlobalSection
	GlobalSection(NestedProjects) = preSolution
		{E7AD68D2-D805-4914-A147-7181B42FA036} = {973328C5-64B8-464C-A111-AA72D5217C54}
		{B3FA80AA-51E9-445D-973F-CE7A1C57F828} = {973328C5-64B8-464C-A111-AA72D5217C54}
		{E434829A-9AF0-45B5-8512-25C1CE260563} = {973328C5-64B8-464C-A111-AA72D5217C54}
		{005AB6BC-2A9F-416E-B278-98C2550A87ED} = {973328C5-64B8-464C-A111-AA72D5217C54}
	EndGlobalSection
	GlobalSection(ExtensibilityGlobals) = postSolution
		SolutionGuid = {36F51365-A764-48FB-99B3-4DCA9969F33E}
	EndGlobalSection
EndGlobal
